
Microsoft Visual Studio Solution File, Format Version 12.00
# Visual Studio Version 17
VisualStudioVersion = 17.0.31903.59
MinimumVisualStudioVersion = 10.0.40219.1
Project("{FAE04EC0-301F-11D3-BF4B-00C04F79EFBC}") = "RustyD20.Core", "src\RustyD20.Core\RustyD20.Core.csproj", "{E70A53B4-3026-4528-9440-60EEAC38AC89}"
EndProject
Project("{FAE04EC0-301F-11D3-BF4B-00C04F79EFBC}") = "RustyD20.Core.Checks", "src\RustyD20.Core.Checks\RustyD20.Core.Checks.csproj", "{097E1E3D-B8BF-4B03-BAF1-14D56511B511}"
EndProject
Project("{2150E333-8FDC-42A3-9474-1A3956D46DE8}") = "src", "src", "{827E0CD3-B72D-47B6-A68D-7590B98EB39B}"
EndProject
Project("{FAE04EC0-301F-11D3-BF4B-00C04F79EFBC}") = "RustyD20.Product", "src\RustyD20.Product\RustyD20.Product.csproj", "{3FFDAB4B-880C-4F94-8C01-5B4920FCDC6E}"
EndProject
Project("{FAE04EC0-301F-11D3-BF4B-00C04F79EFBC}") = "RustyD20.Product.Checks", "src\RustyD20.Product.Checks\RustyD20.Product.Checks.csproj", "{EA8FD3D3-01A6-4178-9CC2-71163318D5CD}"
EndProject
Global
	GlobalSection(SolutionConfigurationPlatforms) = preSolution
		Debug|Any CPU = Debug|Any CPU
		Debug|x64 = Debug|x64
		Debug|x86 = Debug|x86
		Release|Any CPU = Release|Any CPU
		Release|x64 = Release|x64
		Release|x86 = Release|x86
	EndGlobalSection
	GlobalSection(ProjectConfigurationPlatforms) = postSolution
		{E70A53B4-3026-4528-9440-60EEAC38AC89}.Debug|Any CPU.ActiveCfg = Debug|Any CPU
		{E70A53B4-3026-4528-9440-60EEAC38AC89}.Debug|Any CPU.Build.0 = Debug|Any CPU
		{E70A53B4-3026-4528-9440-60EEAC38AC89}.Debug|x64.ActiveCfg = Debug|Any CPU
		{E70A53B4-3026-4528-9440-60EEAC38AC89}.Debug|x64.Build.0 = Debug|Any CPU
		{E70A53B4-3026-4528-9440-60EEAC38AC89}.Debug|x86.ActiveCfg = Debug|Any CPU
		{E70A53B4-3026-4528-9440-60EEAC38AC89}.Debug|x86.Build.0 = Debug|Any CPU
		{E70A53B4-3026-4528-9440-60EEAC38AC89}.Release|Any CPU.ActiveCfg = Release|Any CPU
		{E70A53B4-3026-4528-9440-60EEAC38AC89}.Release|Any CPU.Build.0 = Release|Any CPU
		{E70A53B4-3026-4528-9440-60EEAC38AC89}.Release|x64.ActiveCfg = Release|Any CPU
		{E70A53B4-3026-4528-9440-60EEAC38AC89}.Release|x64.Build.0 = Release|Any CPU
		{E70A53B4-3026-4528-9440-60EEAC38AC89}.Release|x86.ActiveCfg = Release|Any CPU
		{E70A53B4-3026-4528-9440-60EEAC38AC89}.Release|x86.Build.0 = Release|Any CPU
		{097E1E3D-B8BF-4B03-BAF1-14D56511B511}.Debug|Any CPU.ActiveCfg = Debug|Any CPU
		{097E1E3D-B8BF-4B03-BAF1-14D56511B511}.Debug|Any CPU.Build.0 = Debug|Any CPU
		{097E1E3D-B8BF-4B03-BAF1-14D56511B511}.Debug|x64.ActiveCfg = Debug|Any CPU
		{097E1E3D-B8BF-4B03-BAF1-14D56511B511}.Debug|x64.Build.0 = Debug|Any CPU
		{097E1E3D-B8BF-4B03-BAF1-14D56511B511}.Debug|x86.ActiveCfg = Debug|Any CPU
		{097E1E3D-B8BF-4B03-BAF1-14D56511B511}.Debug|x86.Build.0 = Debug|Any CPU
		{097E1E3D-B8BF-4B03-BAF1-14D56511B511}.Release|Any CPU.ActiveCfg = Release|Any CPU
		{097E1E3D-B8BF-4B03-BAF1-14D56511B511}.Release|Any CPU.Build.0 = Release|Any CPU
		{097E1E3D-B8BF-4B03-BAF1-14D56511B511}.Release|x64.ActiveCfg = Release|Any CPU
		{097E1E3D-B8BF-4B03-BAF1-14D56511B511}.Release|x64.Build.0 = Release|Any CPU
		{097E1E3D-B8BF-4B03-BAF1-14D56511B511}.Release|x86.ActiveCfg = Release|Any CPU
		{097E1E3D-B8BF-4B03-BAF1-14D56511B511}.Release|x86.Build.0 = Release|Any CPU
		{3FFDAB4B-880C-4F94-8C01-5B4920FCDC6E}.Debug|Any CPU.ActiveCfg = Debug|Any CPU
		{3FFDAB4B-880C-4F94-8C01-5B4920FCDC6E}.Debug|Any CPU.Build.0 = Debug|Any CPU
		{3FFDAB4B-880C-4F94-8C01-5B4920FCDC6E}.Debug|x64.ActiveCfg = Debug|Any CPU
		{3FFDAB4B-880C-4F94-8C01-5B4920FCDC6E}.Debug|x64.Build.0 = Debug|Any CPU
		{3FFDAB4B-880C-4F94-8C01-5B4920FCDC6E}.Debug|x86.ActiveCfg = Debug|Any CPU
		{3FFDAB4B-880C-4F94-8C01-5B4920FCDC6E}.Debug|x86.Build.0 = Debug|Any CPU
		{3FFDAB4B-880C-4F94-8C01-5B4920FCDC6E}.Release|Any CPU.ActiveCfg = Release|Any CPU
		{3FFDAB4B-880C-4F94-8C01-5B4920FCDC6E}.Release|Any CPU.Build.0 = Release|Any CPU
		{3FFDAB4B-880C-4F94-8C01-5B4920FCDC6E}.Release|x64.ActiveCfg = Release|Any CPU
		{3FFDAB4B-880C-4F94-8C01-5B4920FCDC6E}.Release|x64.Build.0 = Release|Any CPU
		{3FFDAB4B-880C-4F94-8C01-5B4920FCDC6E}.Release|x86.ActiveCfg = Release|Any CPU
		{3FFDAB4B-880C-4F94-8C01-5B4920FCDC6E}.Release|x86.Build.0 = Release|Any CPU
		{EA8FD3D3-01A6-4178-9CC2-71163318D5CD}.Debug|Any CPU.ActiveCfg = Debug|Any CPU
		{EA8FD3D3-01A6-4178-9CC2-71163318D5CD}.Debug|Any CPU.Build.0 = Debug|Any CPU
		{EA8FD3D3-01A6-4178-9CC2-71163318D5CD}.Debug|x64.ActiveCfg = Debug|Any CPU
		{EA8FD3D3-01A6-4178-9CC2-71163318D5CD}.Debug|x64.Build.0 = Debug|Any CPU
		{EA8FD3D3-01A6-4178-9CC2-71163318D5CD}.Debug|x86.ActiveCfg = Debug|Any CPU
		{EA8FD3D3-01A6-4178-9CC2-71163318D5CD}.Debug|x86.Build.0 = Debug|Any CPU
		{EA8FD3D3-01A6-4178-9CC2-71163318D5CD}.Release|Any CPU.ActiveCfg = Release|Any CPU
		{EA8FD3D3-01A6-4178-9CC2-71163318D5CD}.Release|Any CPU.Build.0 = Release|Any CPU
		{EA8FD3D3-01A6-4178-9CC2-71163318D5CD}.Release|x64.ActiveCfg = Release|Any CPU
		{EA8FD3D3-01A6-4178-9CC2-71163318D5CD}.Release|x64.Build.0 = Release|Any CPU
		{EA8FD3D3-01A6-4178-9CC2-71163318D5CD}.Release|x86.ActiveCfg = Release|Any CPU
		{EA8FD3D3-01A6-4178-9CC2-71163318D5CD}.Release|x86.Build.0 = Release|Any CPU
	EndGlobalSection
	GlobalSection(SolutionProperties) = preSolution
		HideSolutionNode = FALSE
	EndGlobalSection
	GlobalSection(NestedProjects) = preSolution
		{3FFDAB4B-880C-4F94-8C01-5B4920FCDC6E} = {827E0CD3-B72D-47B6-A68D-7590B98EB39B}
		{EA8FD3D3-01A6-4178-9CC2-71163318D5CD} = {827E0CD3-B72D-47B6-A68D-7590B98EB39B}
	EndGlobalSection
EndGlobal
